
Microsoft Visual Studio Solution File, Format Version 12.00
# Visual Studio Version 17
VisualStudioVersion = 17.0.31903.59
MinimumVisualStudioVersion = 10.0.40219.1
Project("{2150E333-8FDC-42A3-9474-1A3956D46DE8}") = "src", "src", "{827E0CD3-B72D-47B6-A68D-7590B98EB39B}"
EndProject
Project("{FAE04EC0-301F-11D3-BF4B-00C04F79EFBC}") = "Relay", "src\Relay\Relay.csproj", "{186B8147-3F44-47F2-9CE5-1B99235ADC2E}"
EndProject
Project("{2150E333-8FDC-42A3-9474-1A3956D46DE8}") = "tests", "tests", "{0AB3BF05-4346-4AA6-1389-037BE0695223}"
EndProject
Project("{FAE04EC0-301F-11D3-BF4B-00C04F79EFBC}") = "Relay.Tests", "tests\Relay.Tests\Relay.Tests.csproj", "{45B45943-4901-4E7E-9336-B40D0EF2D12B}"
EndProject
Project("{2150E333-8FDC-42A3-9474-1A3956D46DE8}") = "Solution Items", "Solution Items", "{02EA681E-C7D8-13C7-8484-4AC65E1B71E8}"
	ProjectSection(SolutionItems) = preProject
		CLAUDE.md = CLAUDE.md
	EndProjectSection
EndProject
Project("{2150E333-8FDC-42A3-9474-1A3956D46DE8}") = "Benchmarks", "Benchmarks", "{66320409-64EC-F7C5-3DEF-65E7510DAAD1}"
EndProject
Project("{FAE04EC0-301F-11D3-BF4B-00C04F79EFBC}") = "Relay.Benchmarks", "benchmarks\Relay.Benchmarks\Relay.Benchmarks.csproj", "{DA8219CA-374E-4C94-A33D-6B800FF86930}"
EndProject
Global
	GlobalSection(SolutionConfigurationPlatforms) = preSolution
		Debug|Any CPU = Debug|Any CPU
		Debug|x64 = Debug|x64
		Debug|x86 = Debug|x86
		Release|Any CPU = Release|Any CPU
		Release|x64 = Release|x64
		Release|x86 = Release|x86
	EndGlobalSection
	GlobalSection(ProjectConfigurationPlatforms) = postSolution
		{186B8147-3F44-47F2-9CE5-1B99235ADC2E}.Debug|Any CPU.ActiveCfg = Debug|Any CPU
		{186B8147-3F44-47F2-9CE5-1B99235ADC2E}.Debug|Any CPU.Build.0 = Debug|Any CPU
		{186B8147-3F44-47F2-9CE5-1B99235ADC2E}.Debug|x64.ActiveCfg = Debug|Any CPU
		{186B8147-3F44-47F2-9CE5-1B99235ADC2E}.Debug|x64.Build.0 = Debug|Any CPU
		{186B8147-3F44-47F2-9CE5-1B99235ADC2E}.Debug|x86.ActiveCfg = Debug|Any CPU
		{186B8147-3F44-47F2-9CE5-1B99235ADC2E}.Debug|x86.Build.0 = Debug|Any CPU
		{186B8147-3F44-47F2-9CE5-1B99235ADC2E}.Release|Any CPU.ActiveCfg = Release|Any CPU
		{186B8147-3F44-47F2-9CE5-1B99235ADC2E}.Release|Any CPU.Build.0 = Release|Any CPU
		{186B8147-3F44-47F2-9CE5-1B99235ADC2E}.Release|x64.ActiveCfg = Release|Any CPU
		{186B8147-3F44-47F2-9CE5-1B99235ADC2E}.Release|x64.Build.0 = Release|Any CPU
		{186B8147-3F44-47F2-9CE5-1B99235ADC2E}.Release|x86.ActiveCfg = Release|Any CPU
		{186B8147-3F44-47F2-9CE5-1B99235ADC2E}.Release|x86.Build.0 = Release|Any CPU
		{45B45943-4901-4E7E-9336-B40D0EF2D12B}.Debug|Any CPU.ActiveCfg = Debug|Any CPU
		{45B45943-4901-4E7E-9336-B40D0EF2D12B}.Debug|Any CPU.Build.0 = Debug|Any CPU
		{45B45943-4901-4E7E-9336-B40D0EF2D12B}.Debug|x64.ActiveCfg = Debug|Any CPU
		{45B45943-4901-4E7E-9336-B40D0EF2D12B}.Debug|x64.Build.0 = Debug|Any CPU
		{45B45943-4901-4E7E-9336-B40D0EF2D12B}.Debug|x86.ActiveCfg = Debug|Any CPU
		{45B45943-4901-4E7E-9336-B40D0EF2D12B}.Debug|x86.Build.0 = Debug|Any CPU
		{45B45943-4901-4E7E-9336-B40D0EF2D12B}.Release|Any CPU.ActiveCfg = Release|Any CPU
		{45B45943-4901-4E7E-9336-B40D0EF2D12B}.Release|Any CPU.Build.0 = Release|Any CPU
		{45B45943-4901-4E7E-9336-B40D0EF2D12B}.Release|x64.ActiveCfg = Release|Any CPU
		{45B45943-4901-4E7E-9336-B40D0EF2D12B}.Release|x64.Build.0 = Release|Any CPU
		{45B45943-4901-4E7E-9336-B40D0EF2D12B}.Release|x86.ActiveCfg = Release|Any CPU
		{45B45943-4901-4E7E-9336-B40D0EF2D12B}.Release|x86.Build.0 = Release|Any CPU
		{DA8219CA-374E-4C94-A33D-6B800FF86930}.Debug|Any CPU.ActiveCfg = Debug|Any CPU
		{DA8219CA-374E-4C94-A33D-6B800FF86930}.Debug|Any CPU.Build.0 = Debug|Any CPU
		{DA8219CA-374E-4C94-A33D-6B800FF86930}.Debug|x64.ActiveCfg = Debug|Any CPU
		{DA8219CA-374E-4C94-A33D-6B800FF86930}.Debug|x64.Build.0 = Debug|Any CPU
		{DA8219CA-374E-4C94-A33D-6B800FF86930}.Debug|x86.ActiveCfg = Debug|Any CPU
		{DA8219CA-374E-4C94-A33D-6B800FF86930}.Debug|x86.Build.0 = Debug|Any CPU
		{DA8219CA-374E-4C94-A33D-6B800FF86930}.Release|Any CPU.ActiveCfg = Release|Any CPU
		{DA8219CA-374E-4C94-A33D-6B800FF86930}.Release|Any CPU.Build.0 = Release|Any CPU
		{DA8219CA-374E-4C94-A33D-6B800FF86930}.Release|x64.ActiveCfg = Release|Any CPU
		{DA8219CA-374E-4C94-A33D-6B800FF86930}.Release|x64.Build.0 = Release|Any CPU
		{DA8219CA-374E-4C94-A33D-6B800FF86930}.Release|x86.ActiveCfg = Release|Any CPU
		{DA8219CA-374E-4C94-A33D-6B800FF86930}.Release|x86.Build.0 = Release|Any CPU
	EndGlobalSection
	GlobalSection(SolutionProperties) = preSolution
		HideSolutionNode = FALSE
	EndGlobalSection
	GlobalSection(NestedProjects) = preSolution
		{186B8147-3F44-47F2-9CE5-1B99235ADC2E} = {827E0CD3-B72D-47B6-A68D-7590B98EB39B}
		{45B45943-4901-4E7E-9336-B40D0EF2D12B} = {0AB3BF05-4346-4AA6-1389-037BE0695223}
		{DA8219CA-374E-4C94-A33D-6B800FF86930} = {66320409-64EC-F7C5-3DEF-65E7510DAAD1}
	EndGlobalSection
EndGlobal
